
Microsoft Visual Studio Solution File, Format Version 12.00
# Visual Studio Version 16
VisualStudioVersion = 16.0.30128.74
MinimumVisualStudioVersion = 10.0.40219.1
Project("{FAE04EC0-301F-11D3-BF4B-00C04F79EFBC}") = "CERAX_FrontEnd", "CERAX_AntiAircraftGame\CERAX_FrontEnd.csproj", "{DE491A68-DBF1-4AC8-9BC1-9150D3DC749B}"
EndProject
Project("{FAE04EC0-301F-11D3-BF4B-00C04F79EFBC}") = "CERAX_BackEnd", "CERAX_BackEnd\CERAX_BackEnd.csproj", "{C1AA70E8-7B2C-4614-A70B-03AC16253B43}"
EndProject
Global
	GlobalSection(SolutionConfigurationPlatforms) = preSolution
		Debug|Any CPU = Debug|Any CPU
		Release|Any CPU = Release|Any CPU
	EndGlobalSection
	GlobalSection(ProjectConfigurationPlatforms) = postSolution
		{DE491A68-DBF1-4AC8-9BC1-9150D3DC749B}.Debug|Any CPU.ActiveCfg = Debug|Any CPU
		{DE491A68-DBF1-4AC8-9BC1-9150D3DC749B}.Debug|Any CPU.Build.0 = Debug|Any CPU
		{DE491A68-DBF1-4AC8-9BC1-9150D3DC749B}.Release|Any CPU.ActiveCfg = Release|Any CPU
		{DE491A68-DBF1-4AC8-9BC1-9150D3DC749B}.Release|Any CPU.Build.0 = Release|Any CPU
		{C1AA70E8-7B2C-4614-A70B-03AC16253B43}.Debug|Any CPU.ActiveCfg = Debug|Any CPU
		{C1AA70E8-7B2C-4614-A70B-03AC16253B43}.Debug|Any CPU.Build.0 = Debug|Any CPU
		{C1AA70E8-7B2C-4614-A70B-03AC16253B43}.Release|Any CPU.ActiveCfg = Release|Any CPU
		{C1AA70E8-7B2C-4614-A70B-03AC16253B43}.Release|Any CPU.Build.0 = Release|Any CPU
	EndGlobalSection
	GlobalSection(SolutionProperties) = preSolution
		HideSolutionNode = FALSE
	EndGlobalSection
	GlobalSection(ExtensibilityGlobals) = postSolution
		SolutionGuid = {A3C7400D-BE69-4E48-A354-2BDFCBAE2771}
	EndGlobalSection
EndGlobal
